{"1.1.0",
[{<<"color">>,
  {git,"git://github.com/julianduque/erlang-color",
       {ref,"2e538a3360cfdf47906929a04b9471a1f5320afe"}},
  0},
 {<<"epgsql">>,
  {git,"git://github.com/epgsql/epgsql",
       {ref,"895c8f9d53f08d09ec6a0301c56d3d6f270929f2"}},
  0},
 {<<"getopt">>,
  {git,"git://github.com/jcomellas/getopt",
       {ref,"13676822ad5cbb0602e5dfeca937ddf47220f12b"}},
  0},
 {<<"mysql">>,
  {git,"git://github.com/mysql-otp/mysql-otp",
       {ref,"6840af959ecba1cfc9fbc098c4fa4fc8babc8018"}},
  0},
 {<<"yamerl">>,{pkg,<<"yamerl">>,<<"0.8.0">>},0}]}.
[
{pkg_hash,[
 {<<"yamerl">>, <<"8214CFE16BBABE5D1D6C14A14AEA11C784B9A21903DD6A7C74F8CE180ADAE5C7">>}]}
].
